// !$*UTF8*$!
{
	archiveVersion = 1;
	classes = {
	};
	objectVersion = 56;
	objects = {

/* Begin PBXBuildFile section */
		10420A2C2B4F572B007F23FA /* SciianXApp.swift in Sources */ = {isa = PBXBuildFile; fileRef = 10420A2B2B4F572B007F23FA /* SciianXApp.swift */; };
		10420A2E2B4F572B007F23FA /* LoginAndRegisterView.swift in Sources */ = {isa = PBXBuildFile; fileRef = 10420A2D2B4F572B007F23FA /* LoginAndRegisterView.swift */; };
		10420A302B4F572F007F23FA /* Assets.xcassets in Resources */ = {isa = PBXBuildFile; fileRef = 10420A2F2B4F572F007F23FA /* Assets.xcassets */; };
		10420A332B4F572F007F23FA /* Preview Assets.xcassets in Resources */ = {isa = PBXBuildFile; fileRef = 10420A322B4F572F007F23FA /* Preview Assets.xcassets */; };
		10420A3D2B4F572F007F23FA /* SciianXTests.swift in Sources */ = {isa = PBXBuildFile; fileRef = 10420A3C2B4F572F007F23FA /* SciianXTests.swift */; };
		10420A472B4F572F007F23FA /* SciianXUITests.swift in Sources */ = {isa = PBXBuildFile; fileRef = 10420A462B4F572F007F23FA /* SciianXUITests.swift */; };
		10420A492B4F572F007F23FA /* SciianXUITestsLaunchTests.swift in Sources */ = {isa = PBXBuildFile; fileRef = 10420A482B4F572F007F23FA /* SciianXUITestsLaunchTests.swift */; };
		10420A6B2B5015C0007F23FA /* ContentView.swift in Sources */ = {isa = PBXBuildFile; fileRef = 10420A6A2B5015C0007F23FA /* ContentView.swift */; };
		10420A6F2B501979007F23FA /* FeedView.swift in Sources */ = {isa = PBXBuildFile; fileRef = 10420A6E2B501979007F23FA /* FeedView.swift */; };
		10420A732B5019A0007F23FA /* ExploreView.swift in Sources */ = {isa = PBXBuildFile; fileRef = 10420A722B5019A0007F23FA /* ExploreView.swift */; };
		10420A772B5019DD007F23FA /* ChatView.swift in Sources */ = {isa = PBXBuildFile; fileRef = 10420A762B5019DD007F23FA /* ChatView.swift */; };
		10420A7B2B5019FF007F23FA /* ActivityView.swift in Sources */ = {isa = PBXBuildFile; fileRef = 10420A7A2B5019FF007F23FA /* ActivityView.swift */; };
		10420A7F2B501A23007F23FA /* ProfileView.swift in Sources */ = {isa = PBXBuildFile; fileRef = 10420A7E2B501A23007F23FA /* ProfileView.swift */; };
		10420A812B50219A007F23FA /* ScreenSize.swift in Sources */ = {isa = PBXBuildFile; fileRef = 10420A802B50219A007F23FA /* ScreenSize.swift */; };
		10420A832B50270A007F23FA /* PostRow.swift in Sources */ = {isa = PBXBuildFile; fileRef = 10420A822B50270A007F23FA /* PostRow.swift */; };
		10420A862B516314007F23FA /* ProfilePreviewRow.swift in Sources */ = {isa = PBXBuildFile; fileRef = 10420A852B516314007F23FA /* ProfilePreviewRow.swift */; };
		10420A882B5163D6007F23FA /* ProfilePictureSmall.swift in Sources */ = {isa = PBXBuildFile; fileRef = 10420A872B5163D6007F23FA /* ProfilePictureSmall.swift */; };
		104D9CBA2B8E0E4B003ED2C4 /* SingleChatView.swift in Sources */ = {isa = PBXBuildFile; fileRef = 104D9CB92B8E0E4B003ED2C4 /* SingleChatView.swift */; };
		104D9CBC2B8E0EB1003ED2C4 /* ChatMessage.swift in Sources */ = {isa = PBXBuildFile; fileRef = 104D9CBB2B8E0EB1003ED2C4 /* ChatMessage.swift */; };
		104D9CBE2B8E3C2E003ED2C4 /* HackingWithFlo.swift in Sources */ = {isa = PBXBuildFile; fileRef = 104D9CBD2B8E3C2E003ED2C4 /* HackingWithFlo.swift */; };
		104D9CC02B8E61FC003ED2C4 /* Localizable.xcstrings in Resources */ = {isa = PBXBuildFile; fileRef = 104D9CBF2B8E61FC003ED2C4 /* Localizable.xcstrings */; };
		104D9CC32B8E7467003ED2C4 /* BackgroundImage.swift in Sources */ = {isa = PBXBuildFile; fileRef = 104D9CC22B8E7467003ED2C4 /* BackgroundImage.swift */; };
		106BC98F2B5EE81E00512A61 /* ProfileViewFilter.swift in Sources */ = {isa = PBXBuildFile; fileRef = 106BC98E2B5EE81E00512A61 /* ProfileViewFilter.swift */; };
		106BC9912B5FF10A00512A61 /* EditProfileView.swift in Sources */ = {isa = PBXBuildFile; fileRef = 106BC9902B5FF10A00512A61 /* EditProfileView.swift */; };
		10DBC8A22B83988A000598E9 /* ChatPreviewRow.swift in Sources */ = {isa = PBXBuildFile; fileRef = 10DBC8A12B83988A000598E9 /* ChatPreviewRow.swift */; };
		10DBC8A42B839E12000598E9 /* ProfilePictureBig.swift in Sources */ = {isa = PBXBuildFile; fileRef = 10DBC8A32B839E12000598E9 /* ProfilePictureBig.swift */; };
		10FA96772B8CA0DD001B33EB /* SmallButton.swift in Sources */ = {isa = PBXBuildFile; fileRef = 10FA96762B8CA0DD001B33EB /* SmallButton.swift */; };
		10FA967A2B8CA1CF001B33EB /* BigButton.swift in Sources */ = {isa = PBXBuildFile; fileRef = 10FA96792B8CA1CF001B33EB /* BigButton.swift */; };
/* End PBXBuildFile section */

/* Begin PBXContainerItemProxy section */
		10420A392B4F572F007F23FA /* PBXContainerItemProxy */ = {
			isa = PBXContainerItemProxy;
			containerPortal = 10420A202B4F572B007F23FA /* Project object */;
			proxyType = 1;
			remoteGlobalIDString = 10420A272B4F572B007F23FA;
			remoteInfo = SciianX;
		};
		10420A432B4F572F007F23FA /* PBXContainerItemProxy */ = {
			isa = PBXContainerItemProxy;
			containerPortal = 10420A202B4F572B007F23FA /* Project object */;
			proxyType = 1;
			remoteGlobalIDString = 10420A272B4F572B007F23FA;
			remoteInfo = SciianX;
		};
/* End PBXContainerItemProxy section */

/* Begin PBXFileReference section */
		10420A282B4F572B007F23FA /* SciianX.app */ = {isa = PBXFileReference; explicitFileType = wrapper.application; includeInIndex = 0; path = SciianX.app; sourceTree = BUILT_PRODUCTS_DIR; };
		10420A2B2B4F572B007F23FA /* SciianXApp.swift */ = {isa = PBXFileReference; lastKnownFileType = sourcecode.swift; path = SciianXApp.swift; sourceTree = "<group>"; };
		10420A2D2B4F572B007F23FA /* LoginAndRegisterView.swift */ = {isa = PBXFileReference; lastKnownFileType = sourcecode.swift; path = LoginAndRegisterView.swift; sourceTree = "<group>"; };
		10420A2F2B4F572F007F23FA /* Assets.xcassets */ = {isa = PBXFileReference; lastKnownFileType = folder.assetcatalog; path = Assets.xcassets; sourceTree = "<group>"; };
		10420A322B4F572F007F23FA /* Preview Assets.xcassets */ = {isa = PBXFileReference; lastKnownFileType = folder.assetcatalog; path = "Preview Assets.xcassets"; sourceTree = "<group>"; };
		10420A382B4F572F007F23FA /* SciianXTests.xctest */ = {isa = PBXFileReference; explicitFileType = wrapper.cfbundle; includeInIndex = 0; path = SciianXTests.xctest; sourceTree = BUILT_PRODUCTS_DIR; };
		10420A3C2B4F572F007F23FA /* SciianXTests.swift */ = {isa = PBXFileReference; lastKnownFileType = sourcecode.swift; path = SciianXTests.swift; sourceTree = "<group>"; };
		10420A422B4F572F007F23FA /* SciianXUITests.xctest */ = {isa = PBXFileReference; explicitFileType = wrapper.cfbundle; includeInIndex = 0; path = SciianXUITests.xctest; sourceTree = BUILT_PRODUCTS_DIR; };
		10420A462B4F572F007F23FA /* SciianXUITests.swift */ = {isa = PBXFileReference; lastKnownFileType = sourcecode.swift; path = SciianXUITests.swift; sourceTree = "<group>"; };
		10420A482B4F572F007F23FA /* SciianXUITestsLaunchTests.swift */ = {isa = PBXFileReference; lastKnownFileType = sourcecode.swift; path = SciianXUITestsLaunchTests.swift; sourceTree = "<group>"; };
		10420A6A2B5015C0007F23FA /* ContentView.swift */ = {isa = PBXFileReference; lastKnownFileType = sourcecode.swift; path = ContentView.swift; sourceTree = "<group>"; };
		10420A6E2B501979007F23FA /* FeedView.swift */ = {isa = PBXFileReference; lastKnownFileType = sourcecode.swift; path = FeedView.swift; sourceTree = "<group>"; };
		10420A722B5019A0007F23FA /* ExploreView.swift */ = {isa = PBXFileReference; lastKnownFileType = sourcecode.swift; path = ExploreView.swift; sourceTree = "<group>"; };
		10420A762B5019DD007F23FA /* ChatView.swift */ = {isa = PBXFileReference; lastKnownFileType = sourcecode.swift; path = ChatView.swift; sourceTree = "<group>"; };
		10420A7A2B5019FF007F23FA /* ActivityView.swift */ = {isa = PBXFileReference; lastKnownFileType = sourcecode.swift; path = ActivityView.swift; sourceTree = "<group>"; };
		10420A7E2B501A23007F23FA /* ProfileView.swift */ = {isa = PBXFileReference; lastKnownFileType = sourcecode.swift; path = ProfileView.swift; sourceTree = "<group>"; };
		10420A802B50219A007F23FA /* ScreenSize.swift */ = {isa = PBXFileReference; lastKnownFileType = sourcecode.swift; path = ScreenSize.swift; sourceTree = "<group>"; };
		10420A822B50270A007F23FA /* PostRow.swift */ = {isa = PBXFileReference; lastKnownFileType = sourcecode.swift; path = PostRow.swift; sourceTree = "<group>"; };
		10420A852B516314007F23FA /* ProfilePreviewRow.swift */ = {isa = PBXFileReference; lastKnownFileType = sourcecode.swift; path = ProfilePreviewRow.swift; sourceTree = "<group>"; };
		10420A872B5163D6007F23FA /* ProfilePictureSmall.swift */ = {isa = PBXFileReference; lastKnownFileType = sourcecode.swift; path = ProfilePictureSmall.swift; sourceTree = "<group>"; };
		104D9CB92B8E0E4B003ED2C4 /* SingleChatView.swift */ = {isa = PBXFileReference; lastKnownFileType = sourcecode.swift; path = SingleChatView.swift; sourceTree = "<group>"; };
		104D9CBB2B8E0EB1003ED2C4 /* ChatMessage.swift */ = {isa = PBXFileReference; lastKnownFileType = sourcecode.swift; path = ChatMessage.swift; sourceTree = "<group>"; };
		104D9CBD2B8E3C2E003ED2C4 /* HackingWithFlo.swift */ = {isa = PBXFileReference; lastKnownFileType = sourcecode.swift; path = HackingWithFlo.swift; sourceTree = "<group>"; };
		104D9CBF2B8E61FC003ED2C4 /* Localizable.xcstrings */ = {isa = PBXFileReference; lastKnownFileType = text.json.xcstrings; path = Localizable.xcstrings; sourceTree = "<group>"; };
		104D9CC22B8E7467003ED2C4 /* BackgroundImage.swift */ = {isa = PBXFileReference; lastKnownFileType = sourcecode.swift; path = BackgroundImage.swift; sourceTree = "<group>"; };
		106BC98E2B5EE81E00512A61 /* ProfileViewFilter.swift */ = {isa = PBXFileReference; lastKnownFileType = sourcecode.swift; path = ProfileViewFilter.swift; sourceTree = "<group>"; };
		106BC9902B5FF10A00512A61 /* EditProfileView.swift */ = {isa = PBXFileReference; lastKnownFileType = sourcecode.swift; path = EditProfileView.swift; sourceTree = "<group>"; };
		10DBC8A12B83988A000598E9 /* ChatPreviewRow.swift */ = {isa = PBXFileReference; lastKnownFileType = sourcecode.swift; path = ChatPreviewRow.swift; sourceTree = "<group>"; };
		10DBC8A32B839E12000598E9 /* ProfilePictureBig.swift */ = {isa = PBXFileReference; lastKnownFileType = sourcecode.swift; path = ProfilePictureBig.swift; sourceTree = "<group>"; };
		10FA96762B8CA0DD001B33EB /* SmallButton.swift */ = {isa = PBXFileReference; lastKnownFileType = sourcecode.swift; path = SmallButton.swift; sourceTree = "<group>"; };
		10FA96792B8CA1CF001B33EB /* BigButton.swift */ = {isa = PBXFileReference; lastKnownFileType = sourcecode.swift; path = BigButton.swift; sourceTree = "<group>"; };
/* End PBXFileReference section */

/* Begin PBXFrameworksBuildPhase section */
		10420A252B4F572B007F23FA /* Frameworks */ = {
			isa = PBXFrameworksBuildPhase;
			buildActionMask = 2147483647;
			files = (
			);
			runOnlyForDeploymentPostprocessing = 0;
		};
		10420A352B4F572F007F23FA /* Frameworks */ = {
			isa = PBXFrameworksBuildPhase;
			buildActionMask = 2147483647;
			files = (
			);
			runOnlyForDeploymentPostprocessing = 0;
		};
		10420A3F2B4F572F007F23FA /* Frameworks */ = {
			isa = PBXFrameworksBuildPhase;
			buildActionMask = 2147483647;
			files = (
			);
			runOnlyForDeploymentPostprocessing = 0;
		};
/* End PBXFrameworksBuildPhase section */

/* Begin PBXGroup section */
		10420A1F2B4F572B007F23FA = {
			isa = PBXGroup;
			children = (
				104D9CBF2B8E61FC003ED2C4 /* Localizable.xcstrings */,
				10420A2A2B4F572B007F23FA /* SciianX */,
				10420A3B2B4F572F007F23FA /* SciianXTests */,
				10420A452B4F572F007F23FA /* SciianXUITests */,
				10420A292B4F572B007F23FA /* Products */,
			);
			sourceTree = "<group>";
		};
		10420A292B4F572B007F23FA /* Products */ = {
			isa = PBXGroup;
			children = (
				10420A282B4F572B007F23FA /* SciianX.app */,
				10420A382B4F572F007F23FA /* SciianXTests.xctest */,
				10420A422B4F572F007F23FA /* SciianXUITests.xctest */,
			);
			name = Products;
			sourceTree = "<group>";
		};
		10420A2A2B4F572B007F23FA /* SciianX */ = {
			isa = PBXGroup;
			children = (
				10420A2F2B4F572F007F23FA /* Assets.xcassets */,
				10420A842B516009007F23FA /* Components */,
				10420A6A2B5015C0007F23FA /* ContentView.swift */,
				10420A5E2B501312007F23FA /* Features */,
				10420A312B4F572F007F23FA /* Preview Content */,
				10420A2B2B4F572B007F23FA /* SciianXApp.swift */,
				10420A682B501469007F23FA /* Services */,
				10420A692B50147A007F23FA /* Utilties */,
				104D9CBD2B8E3C2E003ED2C4 /* HackingWithFlo.swift */,
			);
			path = SciianX;
			sourceTree = "<group>";
		};
		10420A312B4F572F007F23FA /* Preview Content */ = {
			isa = PBXGroup;
			children = (
				10420A322B4F572F007F23FA /* Preview Assets.xcassets */,
			);
			path = "Preview Content";
			sourceTree = "<group>";
		};
		10420A3B2B4F572F007F23FA /* SciianXTests */ = {
			isa = PBXGroup;
			children = (
				10420A3C2B4F572F007F23FA /* SciianXTests.swift */,
			);
			path = SciianXTests;
			sourceTree = "<group>";
		};
		10420A452B4F572F007F23FA /* SciianXUITests */ = {
			isa = PBXGroup;
			children = (
				10420A462B4F572F007F23FA /* SciianXUITests.swift */,
				10420A482B4F572F007F23FA /* SciianXUITestsLaunchTests.swift */,
			);
			path = SciianXUITests;
			sourceTree = "<group>";
		};
		10420A5E2B501312007F23FA /* Features */ = {
			isa = PBXGroup;
			children = (
				10420A782B5019EB007F23FA /* Activity */,
				10420A742B5019C8007F23FA /* Chat */,
				10420A702B50198B007F23FA /* Explore */,
				10420A6C2B501964007F23FA /* Feed */,
				10420A5F2B501321007F23FA /* LoginAndRegister */,
				10420A7C2B501A0F007F23FA /* Profile */,
			);
			path = Features;
			sourceTree = "<group>";
		};
		10420A5F2B501321007F23FA /* LoginAndRegister */ = {
			isa = PBXGroup;
			children = (
				10420A612B501340007F23FA /* View */,
			);
			path = LoginAndRegister;
			sourceTree = "<group>";
		};
		10420A612B501340007F23FA /* View */ = {
			isa = PBXGroup;
			children = (
				10420A2D2B4F572B007F23FA /* LoginAndRegisterView.swift */,
			);
			path = View;
			sourceTree = "<group>";
		};
		10420A682B501469007F23FA /* Services */ = {
			isa = PBXGroup;
			children = (
			);
			path = Services;
			sourceTree = "<group>";
		};
		10420A692B50147A007F23FA /* Utilties */ = {
			isa = PBXGroup;
			children = (
				10420A802B50219A007F23FA /* ScreenSize.swift */,
			);
			path = Utilties;
			sourceTree = "<group>";
		};
		10420A6C2B501964007F23FA /* Feed */ = {
			isa = PBXGroup;
			children = (
				10420A6D2B50196B007F23FA /* View */,
			);
			path = Feed;
			sourceTree = "<group>";
		};
		10420A6D2B50196B007F23FA /* View */ = {
			isa = PBXGroup;
			children = (
				10420A6E2B501979007F23FA /* FeedView.swift */,
			);
			path = View;
			sourceTree = "<group>";
		};
		10420A702B50198B007F23FA /* Explore */ = {
			isa = PBXGroup;
			children = (
				10420A712B501994007F23FA /* View */,
			);
			path = Explore;
			sourceTree = "<group>";
		};
		10420A712B501994007F23FA /* View */ = {
			isa = PBXGroup;
			children = (
				10420A722B5019A0007F23FA /* ExploreView.swift */,
			);
			path = View;
			sourceTree = "<group>";
		};
		10420A742B5019C8007F23FA /* Chat */ = {
			isa = PBXGroup;
			children = (
				10420A752B5019D0007F23FA /* View */,
			);
			path = Chat;
			sourceTree = "<group>";
		};
		10420A752B5019D0007F23FA /* View */ = {
			isa = PBXGroup;
			children = (
				10DBC8A02B839878000598E9 /* Components */,
				10420A762B5019DD007F23FA /* ChatView.swift */,
				104D9CB92B8E0E4B003ED2C4 /* SingleChatView.swift */,
			);
			path = View;
			sourceTree = "<group>";
		};
		10420A782B5019EB007F23FA /* Activity */ = {
			isa = PBXGroup;
			children = (
				10420A792B5019F2007F23FA /* View */,
			);
			path = Activity;
			sourceTree = "<group>";
		};
		10420A792B5019F2007F23FA /* View */ = {
			isa = PBXGroup;
			children = (
				10420A7A2B5019FF007F23FA /* ActivityView.swift */,
			);
			path = View;
			sourceTree = "<group>";
		};
		10420A7C2B501A0F007F23FA /* Profile */ = {
			isa = PBXGroup;
			children = (
				106BC98D2B5EE80700512A61 /* Model */,
				10420A7D2B501A16007F23FA /* View */,
			);
			path = Profile;
			sourceTree = "<group>";
		};
		10420A7D2B501A16007F23FA /* View */ = {
			isa = PBXGroup;
			children = (
				10420A7E2B501A23007F23FA /* ProfileView.swift */,
				106BC9902B5FF10A00512A61 /* EditProfileView.swift */,
			);
			path = View;
			sourceTree = "<group>";
		};
		10420A842B516009007F23FA /* Components */ = {
			isa = PBXGroup;
			children = (
				104D9CC12B8E745B003ED2C4 /* Images */,
				10FA96782B8CA1BC001B33EB /* Buttons */,
				10420A822B50270A007F23FA /* PostRow.swift */,
				10420A872B5163D6007F23FA /* ProfilePictureSmall.swift */,
				10420A852B516314007F23FA /* ProfilePreviewRow.swift */,
				10DBC8A32B839E12000598E9 /* ProfilePictureBig.swift */,
			);
			path = Components;
			sourceTree = "<group>";
		};
		104D9CC12B8E745B003ED2C4 /* Images */ = {
			isa = PBXGroup;
			children = (
				104D9CC22B8E7467003ED2C4 /* BackgroundImage.swift */,
			);
			path = Images;
			sourceTree = "<group>";
		};
		106BC98D2B5EE80700512A61 /* Model */ = {
			isa = PBXGroup;
			children = (
				106BC98E2B5EE81E00512A61 /* ProfileViewFilter.swift */,
			);
			path = Model;
			sourceTree = "<group>";
		};
		10DBC8A02B839878000598E9 /* Components */ = {
			isa = PBXGroup;
			children = (
				10DBC8A12B83988A000598E9 /* ChatPreviewRow.swift */,
				104D9CBB2B8E0EB1003ED2C4 /* ChatMessage.swift */,
			);
			path = Components;
			sourceTree = "<group>";
		};
		10FA96782B8CA1BC001B33EB /* Buttons */ = {
			isa = PBXGroup;
			children = (
				10FA96762B8CA0DD001B33EB /* SmallButton.swift */,
				10FA96792B8CA1CF001B33EB /* BigButton.swift */,
			);
			path = Buttons;
			sourceTree = "<group>";
		};
/* End PBXGroup section */

/* Begin PBXNativeTarget section */
		10420A272B4F572B007F23FA /* SciianX */ = {
			isa = PBXNativeTarget;
			buildConfigurationList = 10420A4C2B4F572F007F23FA /* Build configuration list for PBXNativeTarget "SciianX" */;
			buildPhases = (
				10420A242B4F572B007F23FA /* Sources */,
				10420A252B4F572B007F23FA /* Frameworks */,
				10420A262B4F572B007F23FA /* Resources */,
			);
			buildRules = (
			);
			dependencies = (
			);
			name = SciianX;
			productName = SciianX;
			productReference = 10420A282B4F572B007F23FA /* SciianX.app */;
			productType = "com.apple.product-type.application";
		};
		10420A372B4F572F007F23FA /* SciianXTests */ = {
			isa = PBXNativeTarget;
			buildConfigurationList = 10420A4F2B4F572F007F23FA /* Build configuration list for PBXNativeTarget "SciianXTests" */;
			buildPhases = (
				10420A342B4F572F007F23FA /* Sources */,
				10420A352B4F572F007F23FA /* Frameworks */,
				10420A362B4F572F007F23FA /* Resources */,
			);
			buildRules = (
			);
			dependencies = (
				10420A3A2B4F572F007F23FA /* PBXTargetDependency */,
			);
			name = SciianXTests;
			productName = SciianXTests;
			productReference = 10420A382B4F572F007F23FA /* SciianXTests.xctest */;
			productType = "com.apple.product-type.bundle.unit-test";
		};
		10420A412B4F572F007F23FA /* SciianXUITests */ = {
			isa = PBXNativeTarget;
			buildConfigurationList = 10420A522B4F572F007F23FA /* Build configuration list for PBXNativeTarget "SciianXUITests" */;
			buildPhases = (
				10420A3E2B4F572F007F23FA /* Sources */,
				10420A3F2B4F572F007F23FA /* Frameworks */,
				10420A402B4F572F007F23FA /* Resources */,
			);
			buildRules = (
			);
			dependencies = (
				10420A442B4F572F007F23FA /* PBXTargetDependency */,
			);
			name = SciianXUITests;
			productName = SciianXUITests;
			productReference = 10420A422B4F572F007F23FA /* SciianXUITests.xctest */;
			productType = "com.apple.product-type.bundle.ui-testing";
		};
/* End PBXNativeTarget section */

/* Begin PBXProject section */
		10420A202B4F572B007F23FA /* Project object */ = {
			isa = PBXProject;
			attributes = {
				BuildIndependentTargetsInParallel = 1;
				LastSwiftUpdateCheck = 1500;
				LastUpgradeCheck = 1500;
				TargetAttributes = {
					10420A272B4F572B007F23FA = {
						CreatedOnToolsVersion = 15.0.1;
					};
					10420A372B4F572F007F23FA = {
						CreatedOnToolsVersion = 15.0.1;
						TestTargetID = 10420A272B4F572B007F23FA;
					};
					10420A412B4F572F007F23FA = {
						CreatedOnToolsVersion = 15.0.1;
						TestTargetID = 10420A272B4F572B007F23FA;
					};
				};
			};
			buildConfigurationList = 10420A232B4F572B007F23FA /* Build configuration list for PBXProject "SciianX" */;
			compatibilityVersion = "Xcode 14.0";
			developmentRegion = en;
			hasScannedForEncodings = 0;
			knownRegions = (
				en,
				Base,
				de,
			);
			mainGroup = 10420A1F2B4F572B007F23FA;
			productRefGroup = 10420A292B4F572B007F23FA /* Products */;
			projectDirPath = "";
			projectRoot = "";
			targets = (
				10420A272B4F572B007F23FA /* SciianX */,
				10420A372B4F572F007F23FA /* SciianXTests */,
				10420A412B4F572F007F23FA /* SciianXUITests */,
			);
		};
/* End PBXProject section */

/* Begin PBXResourcesBuildPhase section */
		10420A262B4F572B007F23FA /* Resources */ = {
			isa = PBXResourcesBuildPhase;
			buildActionMask = 2147483647;
			files = (
				10420A332B4F572F007F23FA /* Preview Assets.xcassets in Resources */,
				10420A302B4F572F007F23FA /* Assets.xcassets in Resources */,
				104D9CC02B8E61FC003ED2C4 /* Localizable.xcstrings in Resources */,
			);
			runOnlyForDeploymentPostprocessing = 0;
		};
		10420A362B4F572F007F23FA /* Resources */ = {
			isa = PBXResourcesBuildPhase;
			buildActionMask = 2147483647;
			files = (
			);
			runOnlyForDeploymentPostprocessing = 0;
		};
		10420A402B4F572F007F23FA /* Resources */ = {
			isa = PBXResourcesBuildPhase;
			buildActionMask = 2147483647;
			files = (
			);
			runOnlyForDeploymentPostprocessing = 0;
		};
/* End PBXResourcesBuildPhase section */

/* Begin PBXSourcesBuildPhase section */
		10420A242B4F572B007F23FA /* Sources */ = {
			isa = PBXSourcesBuildPhase;
			buildActionMask = 2147483647;
			files = (
				106BC9912B5FF10A00512A61 /* EditProfileView.swift in Sources */,
				10DBC8A42B839E12000598E9 /* ProfilePictureBig.swift in Sources */,
				10420A812B50219A007F23FA /* ScreenSize.swift in Sources */,
				10420A732B5019A0007F23FA /* ExploreView.swift in Sources */,
				106BC98F2B5EE81E00512A61 /* ProfileViewFilter.swift in Sources */,
				10420A7F2B501A23007F23FA /* ProfileView.swift in Sources */,
				104D9CBE2B8E3C2E003ED2C4 /* HackingWithFlo.swift in Sources */,
				104D9CC32B8E7467003ED2C4 /* BackgroundImage.swift in Sources */,
				10420A2E2B4F572B007F23FA /* LoginAndRegisterView.swift in Sources */,
				104D9CBA2B8E0E4B003ED2C4 /* SingleChatView.swift in Sources */,
				10420A882B5163D6007F23FA /* ProfilePictureSmall.swift in Sources */,
				10FA967A2B8CA1CF001B33EB /* BigButton.swift in Sources */,
				10420A862B516314007F23FA /* ProfilePreviewRow.swift in Sources */,
				10420A2C2B4F572B007F23FA /* SciianXApp.swift in Sources */,
				10420A772B5019DD007F23FA /* ChatView.swift in Sources */,
				104D9CBC2B8E0EB1003ED2C4 /* ChatMessage.swift in Sources */,
				10420A7B2B5019FF007F23FA /* ActivityView.swift in Sources */,
				10420A6F2B501979007F23FA /* FeedView.swift in Sources */,
				10420A6B2B5015C0007F23FA /* ContentView.swift in Sources */,
				10420A832B50270A007F23FA /* PostRow.swift in Sources */,
				10DBC8A22B83988A000598E9 /* ChatPreviewRow.swift in Sources */,
				10FA96772B8CA0DD001B33EB /* SmallButton.swift in Sources */,
			);
			runOnlyForDeploymentPostprocessing = 0;
		};
		10420A342B4F572F007F23FA /* Sources */ = {
			isa = PBXSourcesBuildPhase;
			buildActionMask = 2147483647;
			files = (
				10420A3D2B4F572F007F23FA /* SciianXTests.swift in Sources */,
			);
			runOnlyForDeploymentPostprocessing = 0;
		};
		10420A3E2B4F572F007F23FA /* Sources */ = {
			isa = PBXSourcesBuildPhase;
			buildActionMask = 2147483647;
			files = (
				10420A492B4F572F007F23FA /* SciianXUITestsLaunchTests.swift in Sources */,
				10420A472B4F572F007F23FA /* SciianXUITests.swift in Sources */,
			);
			runOnlyForDeploymentPostprocessing = 0;
		};
/* End PBXSourcesBuildPhase section */

/* Begin PBXTargetDependency section */
		10420A3A2B4F572F007F23FA /* PBXTargetDependency */ = {
			isa = PBXTargetDependency;
			target = 10420A272B4F572B007F23FA /* SciianX */;
			targetProxy = 10420A392B4F572F007F23FA /* PBXContainerItemProxy */;
		};
		10420A442B4F572F007F23FA /* PBXTargetDependency */ = {
			isa = PBXTargetDependency;
			target = 10420A272B4F572B007F23FA /* SciianX */;
			targetProxy = 10420A432B4F572F007F23FA /* PBXContainerItemProxy */;
		};
/* End PBXTargetDependency section */

/* Begin XCBuildConfiguration section */
		10420A4A2B4F572F007F23FA /* Debug */ = {
			isa = XCBuildConfiguration;
			buildSettings = {
				ALWAYS_SEARCH_USER_PATHS = NO;
				ASSETCATALOG_COMPILER_GENERATE_SWIFT_ASSET_SYMBOL_EXTENSIONS = YES;
				CLANG_ANALYZER_NONNULL = YES;
				CLANG_ANALYZER_NUMBER_OBJECT_CONVERSION = YES_AGGRESSIVE;
				CLANG_CXX_LANGUAGE_STANDARD = "gnu++20";
				CLANG_ENABLE_MODULES = YES;
				CLANG_ENABLE_OBJC_ARC = YES;
				CLANG_ENABLE_OBJC_WEAK = YES;
				CLANG_WARN_BLOCK_CAPTURE_AUTORELEASING = YES;
				CLANG_WARN_BOOL_CONVERSION = YES;
				CLANG_WARN_COMMA = YES;
				CLANG_WARN_CONSTANT_CONVERSION = YES;
				CLANG_WARN_DEPRECATED_OBJC_IMPLEMENTATIONS = YES;
				CLANG_WARN_DIRECT_OBJC_ISA_USAGE = YES_ERROR;
				CLANG_WARN_DOCUMENTATION_COMMENTS = YES;
				CLANG_WARN_EMPTY_BODY = YES;
				CLANG_WARN_ENUM_CONVERSION = YES;
				CLANG_WARN_INFINITE_RECURSION = YES;
				CLANG_WARN_INT_CONVERSION = YES;
				CLANG_WARN_NON_LITERAL_NULL_CONVERSION = YES;
				CLANG_WARN_OBJC_IMPLICIT_RETAIN_SELF = YES;
				CLANG_WARN_OBJC_LITERAL_CONVERSION = YES;
				CLANG_WARN_OBJC_ROOT_CLASS = YES_ERROR;
				CLANG_WARN_QUOTED_INCLUDE_IN_FRAMEWORK_HEADER = YES;
				CLANG_WARN_RANGE_LOOP_ANALYSIS = YES;
				CLANG_WARN_STRICT_PROTOTYPES = YES;
				CLANG_WARN_SUSPICIOUS_MOVE = YES;
				CLANG_WARN_UNGUARDED_AVAILABILITY = YES_AGGRESSIVE;
				CLANG_WARN_UNREACHABLE_CODE = YES;
				CLANG_WARN__DUPLICATE_METHOD_MATCH = YES;
				COPY_PHASE_STRIP = NO;
				DEBUG_INFORMATION_FORMAT = dwarf;
				ENABLE_STRICT_OBJC_MSGSEND = YES;
				ENABLE_TESTABILITY = YES;
				ENABLE_USER_SCRIPT_SANDBOXING = YES;
				GCC_C_LANGUAGE_STANDARD = gnu17;
				GCC_DYNAMIC_NO_PIC = NO;
				GCC_NO_COMMON_BLOCKS = YES;
				GCC_OPTIMIZATION_LEVEL = 0;
				GCC_PREPROCESSOR_DEFINITIONS = (
					"DEBUG=1",
					"$(inherited)",
				);
				GCC_WARN_64_TO_32_BIT_CONVERSION = YES;
				GCC_WARN_ABOUT_RETURN_TYPE = YES_ERROR;
				GCC_WARN_UNDECLARED_SELECTOR = YES;
				GCC_WARN_UNINITIALIZED_AUTOS = YES_AGGRESSIVE;
				GCC_WARN_UNUSED_FUNCTION = YES;
				GCC_WARN_UNUSED_VARIABLE = YES;
				IPHONEOS_DEPLOYMENT_TARGET = 17.0;
				LOCALIZATION_PREFERS_STRING_CATALOGS = YES;
				MTL_ENABLE_DEBUG_INFO = INCLUDE_SOURCE;
				MTL_FAST_MATH = YES;
				ONLY_ACTIVE_ARCH = YES;
				SDKROOT = iphoneos;
				SWIFT_ACTIVE_COMPILATION_CONDITIONS = "DEBUG $(inherited)";
				SWIFT_OPTIMIZATION_LEVEL = "-Onone";
			};
			name = Debug;
		};
		10420A4B2B4F572F007F23FA /* Release */ = {
			isa = XCBuildConfiguration;
			buildSettings = {
				ALWAYS_SEARCH_USER_PATHS = NO;
				ASSETCATALOG_COMPILER_GENERATE_SWIFT_ASSET_SYMBOL_EXTENSIONS = YES;
				CLANG_ANALYZER_NONNULL = YES;
				CLANG_ANALYZER_NUMBER_OBJECT_CONVERSION = YES_AGGRESSIVE;
				CLANG_CXX_LANGUAGE_STANDARD = "gnu++20";
				CLANG_ENABLE_MODULES = YES;
				CLANG_ENABLE_OBJC_ARC = YES;
				CLANG_ENABLE_OBJC_WEAK = YES;
				CLANG_WARN_BLOCK_CAPTURE_AUTORELEASING = YES;
				CLANG_WARN_BOOL_CONVERSION = YES;
				CLANG_WARN_COMMA = YES;
				CLANG_WARN_CONSTANT_CONVERSION = YES;
				CLANG_WARN_DEPRECATED_OBJC_IMPLEMENTATIONS = YES;
				CLANG_WARN_DIRECT_OBJC_ISA_USAGE = YES_ERROR;
				CLANG_WARN_DOCUMENTATION_COMMENTS = YES;
				CLANG_WARN_EMPTY_BODY = YES;
				CLANG_WARN_ENUM_CONVERSION = YES;
				CLANG_WARN_INFINITE_RECURSION = YES;
				CLANG_WARN_INT_CONVERSION = YES;
				CLANG_WARN_NON_LITERAL_NULL_CONVERSION = YES;
				CLANG_WARN_OBJC_IMPLICIT_RETAIN_SELF = YES;
				CLANG_WARN_OBJC_LITERAL_CONVERSION = YES;
				CLANG_WARN_OBJC_ROOT_CLASS = YES_ERROR;
				CLANG_WARN_QUOTED_INCLUDE_IN_FRAMEWORK_HEADER = YES;
				CLANG_WARN_RANGE_LOOP_ANALYSIS = YES;
				CLANG_WARN_STRICT_PROTOTYPES = YES;
				CLANG_WARN_SUSPICIOUS_MOVE = YES;
				CLANG_WARN_UNGUARDED_AVAILABILITY = YES_AGGRESSIVE;
				CLANG_WARN_UNREACHABLE_CODE = YES;
				CLANG_WARN__DUPLICATE_METHOD_MATCH = YES;
				COPY_PHASE_STRIP = NO;
				DEBUG_INFORMATION_FORMAT = "dwarf-with-dsym";
				ENABLE_NS_ASSERTIONS = NO;
				ENABLE_STRICT_OBJC_MSGSEND = YES;
				ENABLE_USER_SCRIPT_SANDBOXING = YES;
				GCC_C_LANGUAGE_STANDARD = gnu17;
				GCC_NO_COMMON_BLOCKS = YES;
				GCC_WARN_64_TO_32_BIT_CONVERSION = YES;
				GCC_WARN_ABOUT_RETURN_TYPE = YES_ERROR;
				GCC_WARN_UNDECLARED_SELECTOR = YES;
				GCC_WARN_UNINITIALIZED_AUTOS = YES_AGGRESSIVE;
				GCC_WARN_UNUSED_FUNCTION = YES;
				GCC_WARN_UNUSED_VARIABLE = YES;
				IPHONEOS_DEPLOYMENT_TARGET = 17.0;
				LOCALIZATION_PREFERS_STRING_CATALOGS = YES;
				MTL_ENABLE_DEBUG_INFO = NO;
				MTL_FAST_MATH = YES;
				SDKROOT = iphoneos;
				SWIFT_COMPILATION_MODE = wholemodule;
				VALIDATE_PRODUCT = YES;
			};
			name = Release;
		};
		10420A4D2B4F572F007F23FA /* Debug */ = {
			isa = XCBuildConfiguration;
			buildSettings = {
				ASSETCATALOG_COMPILER_APPICON_NAME = AppIcon;
				ASSETCATALOG_COMPILER_GLOBAL_ACCENT_COLOR_NAME = AccentColor;
				CODE_SIGN_STYLE = Automatic;
				CURRENT_PROJECT_VERSION = 1;
				DEVELOPMENT_ASSET_PATHS = "\"SciianX/Preview Content\"";
				ENABLE_PREVIEWS = YES;
				GENERATE_INFOPLIST_FILE = YES;
				INFOPLIST_KEY_UIApplicationSceneManifest_Generation = YES;
				INFOPLIST_KEY_UIApplicationSupportsIndirectInputEvents = YES;
				INFOPLIST_KEY_UILaunchScreen_Generation = YES;
				INFOPLIST_KEY_UISupportedInterfaceOrientations_iPad = "UIInterfaceOrientationPortrait UIInterfaceOrientationPortraitUpsideDown UIInterfaceOrientationLandscapeLeft UIInterfaceOrientationLandscapeRight";
				INFOPLIST_KEY_UISupportedInterfaceOrientations_iPhone = "UIInterfaceOrientationPortrait UIInterfaceOrientationLandscapeLeft UIInterfaceOrientationLandscapeRight";
				LD_RUNPATH_SEARCH_PATHS = (
					"$(inherited)",
					"@executable_path/Frameworks",
				);
				MARKETING_VERSION = 1.0;
				PRODUCT_BUNDLE_IDENTIFIER = Phenkel.SciianX;
				PRODUCT_NAME = "$(TARGET_NAME)";
				SWIFT_EMIT_LOC_STRINGS = YES;
				SWIFT_VERSION = 5.0;
				TARGETED_DEVICE_FAMILY = "1,2";
			};
			name = Debug;
		};
		10420A4E2B4F572F007F23FA /* Release */ = {
			isa = XCBuildConfiguration;
			buildSettings = {
				ASSETCATALOG_COMPILER_APPICON_NAME = AppIcon;
				ASSETCATALOG_COMPILER_GLOBAL_ACCENT_COLOR_NAME = AccentColor;
				CODE_SIGN_STYLE = Automatic;
				CURRENT_PROJECT_VERSION = 1;
				DEVELOPMENT_ASSET_PATHS = "\"SciianX/Preview Content\"";
				ENABLE_PREVIEWS = YES;
				GENERATE_INFOPLIST_FILE = YES;
				INFOPLIST_KEY_UIApplicationSceneManifest_Generation = YES;
				INFOPLIST_KEY_UIApplicationSupportsIndirectInputEvents = YES;
				INFOPLIST_KEY_UILaunchScreen_Generation = YES;
				INFOPLIST_KEY_UISupportedInterfaceOrientations_iPad = "UIInterfaceOrientationPortrait UIInterfaceOrientationPortraitUpsideDown UIInterfaceOrientationLandscapeLeft UIInterfaceOrientationLandscapeRight";
				INFOPLIST_KEY_UISupportedInterfaceOrientations_iPhone = "UIInterfaceOrientationPortrait UIInterfaceOrientationLandscapeLeft UIInterfaceOrientationLandscapeRight";
				LD_RUNPATH_SEARCH_PATHS = (
					"$(inherited)",
					"@executable_path/Frameworks",
				);
				MARKETING_VERSION = 1.0;
				PRODUCT_BUNDLE_IDENTIFIER = Phenkel.SciianX;
				PRODUCT_NAME = "$(TARGET_NAME)";
				SWIFT_EMIT_LOC_STRINGS = YES;
				SWIFT_VERSION = 5.0;
				TARGETED_DEVICE_FAMILY = "1,2";
			};
			name = Release;
		};
		10420A502B4F572F007F23FA /* Debug */ = {
			isa = XCBuildConfiguration;
			buildSettings = {
				ALWAYS_EMBED_SWIFT_STANDARD_LIBRARIES = YES;
				BUNDLE_LOADER = "$(TEST_HOST)";
				CODE_SIGN_STYLE = Automatic;
				CURRENT_PROJECT_VERSION = 1;
				GENERATE_INFOPLIST_FILE = YES;
				IPHONEOS_DEPLOYMENT_TARGET = 17.0;
				MARKETING_VERSION = 1.0;
				PRODUCT_BUNDLE_IDENTIFIER = Phenkel.SciianXTests;
				PRODUCT_NAME = "$(TARGET_NAME)";
				SWIFT_EMIT_LOC_STRINGS = NO;
				SWIFT_VERSION = 5.0;
				TARGETED_DEVICE_FAMILY = "1,2";
				TEST_HOST = "$(BUILT_PRODUCTS_DIR)/SciianX.app/$(BUNDLE_EXECUTABLE_FOLDER_PATH)/SciianX";
			};
			name = Debug;
		};
		10420A512B4F572F007F23FA /* Release */ = {
			isa = XCBuildConfiguration;
			buildSettings = {
				ALWAYS_EMBED_SWIFT_STANDARD_LIBRARIES = YES;
				BUNDLE_LOADER = "$(TEST_HOST)";
				CODE_SIGN_STYLE = Automatic;
				CURRENT_PROJECT_VERSION = 1;
				GENERATE_INFOPLIST_FILE = YES;
				IPHONEOS_DEPLOYMENT_TARGET = 17.0;
				MARKETING_VERSION = 1.0;
				PRODUCT_BUNDLE_IDENTIFIER = Phenkel.SciianXTests;
				PRODUCT_NAME = "$(TARGET_NAME)";
				SWIFT_EMIT_LOC_STRINGS = NO;
				SWIFT_VERSION = 5.0;
				TARGETED_DEVICE_FAMILY = "1,2";
				TEST_HOST = "$(BUILT_PRODUCTS_DIR)/SciianX.app/$(BUNDLE_EXECUTABLE_FOLDER_PATH)/SciianX";
			};
			name = Release;
		};
		10420A532B4F572F007F23FA /* Debug */ = {
			isa = XCBuildConfiguration;
			buildSettings = {
				ALWAYS_EMBED_SWIFT_STANDARD_LIBRARIES = YES;
				CODE_SIGN_STYLE = Automatic;
				CURRENT_PROJECT_VERSION = 1;
				GENERATE_INFOPLIST_FILE = YES;
				MARKETING_VERSION = 1.0;
				PRODUCT_BUNDLE_IDENTIFIER = Phenkel.SciianXUITests;
				PRODUCT_NAME = "$(TARGET_NAME)";
				SWIFT_EMIT_LOC_STRINGS = NO;
				SWIFT_VERSION = 5.0;
				TARGETED_DEVICE_FAMILY = "1,2";
				TEST_TARGET_NAME = SciianX;
			};
			name = Debug;
		};
		10420A542B4F572F007F23FA /* Release */ = {
			isa = XCBuildConfiguration;
			buildSettings = {
				ALWAYS_EMBED_SWIFT_STANDARD_LIBRARIES = YES;
				CODE_SIGN_STYLE = Automatic;
				CURRENT_PROJECT_VERSION = 1;
				GENERATE_INFOPLIST_FILE = YES;
				MARKETING_VERSION = 1.0;
				PRODUCT_BUNDLE_IDENTIFIER = Phenkel.SciianXUITests;
				PRODUCT_NAME = "$(TARGET_NAME)";
				SWIFT_EMIT_LOC_STRINGS = NO;
				SWIFT_VERSION = 5.0;
				TARGETED_DEVICE_FAMILY = "1,2";
				TEST_TARGET_NAME = SciianX;
			};
			name = Release;
		};
/* End XCBuildConfiguration section */

/* Begin XCConfigurationList section */
		10420A232B4F572B007F23FA /* Build configuration list for PBXProject "SciianX" */ = {
			isa = XCConfigurationList;
			buildConfigurations = (
				10420A4A2B4F572F007F23FA /* Debug */,
				10420A4B2B4F572F007F23FA /* Release */,
			);
			defaultConfigurationIsVisible = 0;
			defaultConfigurationName = Release;
		};
		10420A4C2B4F572F007F23FA /* Build configuration list for PBXNativeTarget "SciianX" */ = {
			isa = XCConfigurationList;
			buildConfigurations = (
				10420A4D2B4F572F007F23FA /* Debug */,
				10420A4E2B4F572F007F23FA /* Release */,
			);
			defaultConfigurationIsVisible = 0;
			defaultConfigurationName = Release;
		};
		10420A4F2B4F572F007F23FA /* Build configuration list for PBXNativeTarget "SciianXTests" */ = {
			isa = XCConfigurationList;
			buildConfigurations = (
				10420A502B4F572F007F23FA /* Debug */,
				10420A512B4F572F007F23FA /* Release */,
			);
			defaultConfigurationIsVisible = 0;
			defaultConfigurationName = Release;
		};
		10420A522B4F572F007F23FA /* Build configuration list for PBXNativeTarget "SciianXUITests" */ = {
			isa = XCConfigurationList;
			buildConfigurations = (
				10420A532B4F572F007F23FA /* Debug */,
				10420A542B4F572F007F23FA /* Release */,
			);
			defaultConfigurationIsVisible = 0;
			defaultConfigurationName = Release;
		};
/* End XCConfigurationList section */
	};
	rootObject = 10420A202B4F572B007F23FA /* Project object */;
}
