// !$*UTF8*$!
{
	archiveVersion = 1;
	classes = {
	};
	objectVersion = 56;
	objects = {

/* Begin PBXBuildFile section */
		10420A2C2B4F572B007F23FA /* SciianXApp.swift in Sources */ = {isa = PBXBuildFile; fileRef = 10420A2B2B4F572B007F23FA /* SciianXApp.swift */; };
		10420A2E2B4F572B007F23FA /* ContentView.swift in Sources */ = {isa = PBXBuildFile; fileRef = 10420A2D2B4F572B007F23FA /* ContentView.swift */; };
		10420A302B4F572F007F23FA /* Assets.xcassets in Resources */ = {isa = PBXBuildFile; fileRef = 10420A2F2B4F572F007F23FA /* Assets.xcassets */; };
		10420A332B4F572F007F23FA /* Preview Assets.xcassets in Resources */ = {isa = PBXBuildFile; fileRef = 10420A322B4F572F007F23FA /* Preview Assets.xcassets */; };
		10420A3D2B4F572F007F23FA /* SciianXTests.swift in Sources */ = {isa = PBXBuildFile; fileRef = 10420A3C2B4F572F007F23FA /* SciianXTests.swift */; };
		10420A472B4F572F007F23FA /* SciianXUITests.swift in Sources */ = {isa = PBXBuildFile; fileRef = 10420A462B4F572F007F23FA /* SciianXUITests.swift */; };
		10420A492B4F572F007F23FA /* SciianXUITestsLaunchTests.swift in Sources */ = {isa = PBXBuildFile; fileRef = 10420A482B4F572F007F23FA /* SciianXUITestsLaunchTests.swift */; };
/* End PBXBuildFile section */

/* Begin PBXContainerItemProxy section */
		10420A392B4F572F007F23FA /* PBXContainerItemProxy */ = {
			isa = PBXContainerItemProxy;
			containerPortal = 10420A202B4F572B007F23FA /* Project object */;
			proxyType = 1;
			remoteGlobalIDString = 10420A272B4F572B007F23FA;
			remoteInfo = SciianX;
		};
		10420A432B4F572F007F23FA /* PBXContainerItemProxy */ = {
			isa = PBXContainerItemProxy;
			containerPortal = 10420A202B4F572B007F23FA /* Project object */;
			proxyType = 1;
			remoteGlobalIDString = 10420A272B4F572B007F23FA;
			remoteInfo = SciianX;
		};
/* End PBXContainerItemProxy section */

/* Begin PBXFileReference section */
		10420A282B4F572B007F23FA /* SciianX.app */ = {isa = PBXFileReference; explicitFileType = wrapper.application; includeInIndex = 0; path = SciianX.app; sourceTree = BUILT_PRODUCTS_DIR; };
		10420A2B2B4F572B007F23FA /* SciianXApp.swift */ = {isa = PBXFileReference; lastKnownFileType = sourcecode.swift; path = SciianXApp.swift; sourceTree = "<group>"; };
		10420A2D2B4F572B007F23FA /* ContentView.swift */ = {isa = PBXFileReference; lastKnownFileType = sourcecode.swift; path = ContentView.swift; sourceTree = "<group>"; };
		10420A2F2B4F572F007F23FA /* Assets.xcassets */ = {isa = PBXFileReference; lastKnownFileType = folder.assetcatalog; path = Assets.xcassets; sourceTree = "<group>"; };
		10420A322B4F572F007F23FA /* Preview Assets.xcassets */ = {isa = PBXFileReference; lastKnownFileType = folder.assetcatalog; path = "Preview Assets.xcassets"; sourceTree = "<group>"; };
		10420A382B4F572F007F23FA /* SciianXTests.xctest */ = {isa = PBXFileReference; explicitFileType = wrapper.cfbundle; includeInIndex = 0; path = SciianXTests.xctest; sourceTree = BUILT_PRODUCTS_DIR; };
		10420A3C2B4F572F007F23FA /* SciianXTests.swift */ = {isa = PBXFileReference; lastKnownFileType = sourcecode.swift; path = SciianXTests.swift; sourceTree = "<group>"; };
		10420A422B4F572F007F23FA /* SciianXUITests.xctest */ = {isa = PBXFileReference; explicitFileType = wrapper.cfbundle; includeInIndex = 0; path = SciianXUITests.xctest; sourceTree = BUILT_PRODUCTS_DIR; };
		10420A462B4F572F007F23FA /* SciianXUITests.swift */ = {isa = PBXFileReference; lastKnownFileType = sourcecode.swift; path = SciianXUITests.swift; sourceTree = "<group>"; };
		10420A482B4F572F007F23FA /* SciianXUITestsLaunchTests.swift */ = {isa = PBXFileReference; lastKnownFileType = sourcecode.swift; path = SciianXUITestsLaunchTests.swift; sourceTree = "<group>"; };
/* End PBXFileReference section */

/* Begin PBXFrameworksBuildPhase section */
		10420A252B4F572B007F23FA /* Frameworks */ = {
			isa = PBXFrameworksBuildPhase;
			buildActionMask = 2147483647;
			files = (
			);
			runOnlyForDeploymentPostprocessing = 0;
		};
		10420A352B4F572F007F23FA /* Frameworks */ = {
			isa = PBXFrameworksBuildPhase;
			buildActionMask = 2147483647;
			files = (
			);
			runOnlyForDeploymentPostprocessing = 0;
		};
		10420A3F2B4F572F007F23FA /* Frameworks */ = {
			isa = PBXFrameworksBuildPhase;
			buildActionMask = 2147483647;
			files = (
			);
			runOnlyForDeploymentPostprocessing = 0;
		};
/* End PBXFrameworksBuildPhase section */

/* Begin PBXGroup section */
		10420A1F2B4F572B007F23FA = {
			isa = PBXGroup;
			children = (
				10420A2A2B4F572B007F23FA /* SciianX */,
				10420A3B2B4F572F007F23FA /* SciianXTests */,
				10420A452B4F572F007F23FA /* SciianXUITests */,
				10420A292B4F572B007F23FA /* Products */,
			);
			sourceTree = "<group>";
		};
		10420A292B4F572B007F23FA /* Products */ = {
			isa = PBXGroup;
			children = (
				10420A282B4F572B007F23FA /* SciianX.app */,
				10420A382B4F572F007F23FA /* SciianXTests.xctest */,
				10420A422B4F572F007F23FA /* SciianXUITests.xctest */,
			);
			name = Products;
			sourceTree = "<group>";
		};
		10420A2A2B4F572B007F23FA /* SciianX */ = {
			isa = PBXGroup;
			children = (
				10420A2B2B4F572B007F23FA /* SciianXApp.swift */,
				10420A2D2B4F572B007F23FA /* ContentView.swift */,
				10420A2F2B4F572F007F23FA /* Assets.xcassets */,
				10420A312B4F572F007F23FA /* Preview Content */,
			);
			path = SciianX;
			sourceTree = "<group>";
		};
		10420A312B4F572F007F23FA /* Preview Content */ = {
			isa = PBXGroup;
			children = (
				10420A322B4F572F007F23FA /* Preview Assets.xcassets */,
			);
			path = "Preview Content";
			sourceTree = "<group>";
		};
		10420A3B2B4F572F007F23FA /* SciianXTests */ = {
			isa = PBXGroup;
			children = (
				10420A3C2B4F572F007F23FA /* SciianXTests.swift */,
			);
			path = SciianXTests;
			sourceTree = "<group>";
		};
		10420A452B4F572F007F23FA /* SciianXUITests */ = {
			isa = PBXGroup;
			children = (
				10420A462B4F572F007F23FA /* SciianXUITests.swift */,
				10420A482B4F572F007F23FA /* SciianXUITestsLaunchTests.swift */,
			);
			path = SciianXUITests;
			sourceTree = "<group>";
		};
/* End PBXGroup section */

/* Begin PBXNativeTarget section */
		10420A272B4F572B007F23FA /* SciianX */ = {
			isa = PBXNativeTarget;
			buildConfigurationList = 10420A4C2B4F572F007F23FA /* Build configuration list for PBXNativeTarget "SciianX" */;
			buildPhases = (
				10420A242B4F572B007F23FA /* Sources */,
				10420A252B4F572B007F23FA /* Frameworks */,
				10420A262B4F572B007F23FA /* Resources */,
			);
			buildRules = (
			);
			dependencies = (
			);
			name = SciianX;
			productName = SciianX;
			productReference = 10420A282B4F572B007F23FA /* SciianX.app */;
			productType = "com.apple.product-type.application";
		};
		10420A372B4F572F007F23FA /* SciianXTests */ = {
			isa = PBXNativeTarget;
			buildConfigurationList = 10420A4F2B4F572F007F23FA /* Build configuration list for PBXNativeTarget "SciianXTests" */;
			buildPhases = (
				10420A342B4F572F007F23FA /* Sources */,
				10420A352B4F572F007F23FA /* Frameworks */,
				10420A362B4F572F007F23FA /* Resources */,
			);
			buildRules = (
			);
			dependencies = (
				10420A3A2B4F572F007F23FA /* PBXTargetDependency */,
			);
			name = SciianXTests;
			productName = SciianXTests;
			productReference = 10420A382B4F572F007F23FA /* SciianXTests.xctest */;
			productType = "com.apple.product-type.bundle.unit-test";
		};
		10420A412B4F572F007F23FA /* SciianXUITests */ = {
			isa = PBXNativeTarget;
			buildConfigurationList = 10420A522B4F572F007F23FA /* Build configuration list for PBXNativeTarget "SciianXUITests" */;
			buildPhases = (
				10420A3E2B4F572F007F23FA /* Sources */,
				10420A3F2B4F572F007F23FA /* Frameworks */,
				10420A402B4F572F007F23FA /* Resources */,
			);
			buildRules = (
			);
			dependencies = (
				10420A442B4F572F007F23FA /* PBXTargetDependency */,
			);
			name = SciianXUITests;
			productName = SciianXUITests;
			productReference = 10420A422B4F572F007F23FA /* SciianXUITests.xctest */;
			productType = "com.apple.product-type.bundle.ui-testing";
		};
/* End PBXNativeTarget section */

/* Begin PBXProject section */
		10420A202B4F572B007F23FA /* Project object */ = {
			isa = PBXProject;
			attributes = {
				BuildIndependentTargetsInParallel = 1;
				LastSwiftUpdateCheck = 1500;
				LastUpgradeCheck = 1500;
				TargetAttributes = {
					10420A272B4F572B007F23FA = {
						CreatedOnToolsVersion = 15.0.1;
					};
					10420A372B4F572F007F23FA = {
						CreatedOnToolsVersion = 15.0.1;
						TestTargetID = 10420A272B4F572B007F23FA;
					};
					10420A412B4F572F007F23FA = {
						CreatedOnToolsVersion = 15.0.1;
						TestTargetID = 10420A272B4F572B007F23FA;
					};
				};
			};
			buildConfigurationList = 10420A232B4F572B007F23FA /* Build configuration list for PBXProject "SciianX" */;
			compatibilityVersion = "Xcode 14.0";
			developmentRegion = en;
			hasScannedForEncodings = 0;
			knownRegions = (
				en,
				Base,
			);
			mainGroup = 10420A1F2B4F572B007F23FA;
			productRefGroup = 10420A292B4F572B007F23FA /* Products */;
			projectDirPath = "";
			projectRoot = "";
			targets = (
				10420A272B4F572B007F23FA /* SciianX */,
				10420A372B4F572F007F23FA /* SciianXTests */,
				10420A412B4F572F007F23FA /* SciianXUITests */,
			);
		};
/* End PBXProject section */

/* Begin PBXResourcesBuildPhase section */
		10420A262B4F572B007F23FA /* Resources */ = {
			isa = PBXResourcesBuildPhase;
			buildActionMask = 2147483647;
			files = (
				10420A332B4F572F007F23FA /* Preview Assets.xcassets in Resources */,
				10420A302B4F572F007F23FA /* Assets.xcassets in Resources */,
			);
			runOnlyForDeploymentPostprocessing = 0;
		};
		10420A362B4F572F007F23FA /* Resources */ = {
			isa = PBXResourcesBuildPhase;
			buildActionMask = 2147483647;
			files = (
			);
			runOnlyForDeploymentPostprocessing = 0;
		};
		10420A402B4F572F007F23FA /* Resources */ = {
			isa = PBXResourcesBuildPhase;
			buildActionMask = 2147483647;
			files = (
			);
			runOnlyForDeploymentPostprocessing = 0;
		};
/* End PBXResourcesBuildPhase section */

/* Begin PBXSourcesBuildPhase section */
		10420A242B4F572B007F23FA /* Sources */ = {
			isa = PBXSourcesBuildPhase;
			buildActionMask = 2147483647;
			files = (
				10420A2E2B4F572B007F23FA /* ContentView.swift in Sources */,
				10420A2C2B4F572B007F23FA /* SciianXApp.swift in Sources */,
			);
			runOnlyForDeploymentPostprocessing = 0;
		};
		10420A342B4F572F007F23FA /* Sources */ = {
			isa = PBXSourcesBuildPhase;
			buildActionMask = 2147483647;
			files = (
				10420A3D2B4F572F007F23FA /* SciianXTests.swift in Sources */,
			);
			runOnlyForDeploymentPostprocessing = 0;
		};
		10420A3E2B4F572F007F23FA /* Sources */ = {
			isa = PBXSourcesBuildPhase;
			buildActionMask = 2147483647;
			files = (
				10420A492B4F572F007F23FA /* SciianXUITestsLaunchTests.swift in Sources */,
				10420A472B4F572F007F23FA /* SciianXUITests.swift in Sources */,
			);
			runOnlyForDeploymentPostprocessing = 0;
		};
/* End PBXSourcesBuildPhase section */

/* Begin PBXTargetDependency section */
		10420A3A2B4F572F007F23FA /* PBXTargetDependency */ = {
			isa = PBXTargetDependency;
			target = 10420A272B4F572B007F23FA /* SciianX */;
			targetProxy = 10420A392B4F572F007F23FA /* PBXContainerItemProxy */;
		};
		10420A442B4F572F007F23FA /* PBXTargetDependency */ = {
			isa = PBXTargetDependency;
			target = 10420A272B4F572B007F23FA /* SciianX */;
			targetProxy = 10420A432B4F572F007F23FA /* PBXContainerItemProxy */;
		};
/* End PBXTargetDependency section */

/* Begin XCBuildConfiguration section */
		10420A4A2B4F572F007F23FA /* Debug */ = {
			isa = XCBuildConfiguration;
			buildSettings = {
				ALWAYS_SEARCH_USER_PATHS = NO;
				ASSETCATALOG_COMPILER_GENERATE_SWIFT_ASSET_SYMBOL_EXTENSIONS = YES;
				CLANG_ANALYZER_NONNULL = YES;
				CLANG_ANALYZER_NUMBER_OBJECT_CONVERSION = YES_AGGRESSIVE;
				CLANG_CXX_LANGUAGE_STANDARD = "gnu++20";
				CLANG_ENABLE_MODULES = YES;
				CLANG_ENABLE_OBJC_ARC = YES;
				CLANG_ENABLE_OBJC_WEAK = YES;
				CLANG_WARN_BLOCK_CAPTURE_AUTORELEASING = YES;
				CLANG_WARN_BOOL_CONVERSION = YES;
				CLANG_WARN_COMMA = YES;
				CLANG_WARN_CONSTANT_CONVERSION = YES;
				CLANG_WARN_DEPRECATED_OBJC_IMPLEMENTATIONS = YES;
				CLANG_WARN_DIRECT_OBJC_ISA_USAGE = YES_ERROR;
				CLANG_WARN_DOCUMENTATION_COMMENTS = YES;
				CLANG_WARN_EMPTY_BODY = YES;
				CLANG_WARN_ENUM_CONVERSION = YES;
				CLANG_WARN_INFINITE_RECURSION = YES;
				CLANG_WARN_INT_CONVERSION = YES;
				CLANG_WARN_NON_LITERAL_NULL_CONVERSION = YES;
				CLANG_WARN_OBJC_IMPLICIT_RETAIN_SELF = YES;
				CLANG_WARN_OBJC_LITERAL_CONVERSION = YES;
				CLANG_WARN_OBJC_ROOT_CLASS = YES_ERROR;
				CLANG_WARN_QUOTED_INCLUDE_IN_FRAMEWORK_HEADER = YES;
				CLANG_WARN_RANGE_LOOP_ANALYSIS = YES;
				CLANG_WARN_STRICT_PROTOTYPES = YES;
				CLANG_WARN_SUSPICIOUS_MOVE = YES;
				CLANG_WARN_UNGUARDED_AVAILABILITY = YES_AGGRESSIVE;
				CLANG_WARN_UNREACHABLE_CODE = YES;
				CLANG_WARN__DUPLICATE_METHOD_MATCH = YES;
				COPY_PHASE_STRIP = NO;
				DEBUG_INFORMATION_FORMAT = dwarf;
				ENABLE_STRICT_OBJC_MSGSEND = YES;
				ENABLE_TESTABILITY = YES;
				ENABLE_USER_SCRIPT_SANDBOXING = YES;
				GCC_C_LANGUAGE_STANDARD = gnu17;
				GCC_DYNAMIC_NO_PIC = NO;
				GCC_NO_COMMON_BLOCKS = YES;
				GCC_OPTIMIZATION_LEVEL = 0;
				GCC_PREPROCESSOR_DEFINITIONS = (
					"DEBUG=1",
					"$(inherited)",
				);
				GCC_WARN_64_TO_32_BIT_CONVERSION = YES;
				GCC_WARN_ABOUT_RETURN_TYPE = YES_ERROR;
				GCC_WARN_UNDECLARED_SELECTOR = YES;
				GCC_WARN_UNINITIALIZED_AUTOS = YES_AGGRESSIVE;
				GCC_WARN_UNUSED_FUNCTION = YES;
				GCC_WARN_UNUSED_VARIABLE = YES;
				IPHONEOS_DEPLOYMENT_TARGET = 17.0;
				LOCALIZATION_PREFERS_STRING_CATALOGS = YES;
				MTL_ENABLE_DEBUG_INFO = INCLUDE_SOURCE;
				MTL_FAST_MATH = YES;
				ONLY_ACTIVE_ARCH = YES;
				SDKROOT = iphoneos;
				SWIFT_ACTIVE_COMPILATION_CONDITIONS = "DEBUG $(inherited)";
				SWIFT_OPTIMIZATION_LEVEL = "-Onone";
			};
			name = Debug;
		};
		10420A4B2B4F572F007F23FA /* Release */ = {
			isa = XCBuildConfiguration;
			buildSettings = {
				ALWAYS_SEARCH_USER_PATHS = NO;
				ASSETCATALOG_COMPILER_GENERATE_SWIFT_ASSET_SYMBOL_EXTENSIONS = YES;
				CLANG_ANALYZER_NONNULL = YES;
				CLANG_ANALYZER_NUMBER_OBJECT_CONVERSION = YES_AGGRESSIVE;
				CLANG_CXX_LANGUAGE_STANDARD = "gnu++20";
				CLANG_ENABLE_MODULES = YES;
				CLANG_ENABLE_OBJC_ARC = YES;
				CLANG_ENABLE_OBJC_WEAK = YES;
				CLANG_WARN_BLOCK_CAPTURE_AUTORELEASING = YES;
				CLANG_WARN_BOOL_CONVERSION = YES;
				CLANG_WARN_COMMA = YES;
				CLANG_WARN_CONSTANT_CONVERSION = YES;
				CLANG_WARN_DEPRECATED_OBJC_IMPLEMENTATIONS = YES;
				CLANG_WARN_DIRECT_OBJC_ISA_USAGE = YES_ERROR;
				CLANG_WARN_DOCUMENTATION_COMMENTS = YES;
				CLANG_WARN_EMPTY_BODY = YES;
				CLANG_WARN_ENUM_CONVERSION = YES;
				CLANG_WARN_INFINITE_RECURSION = YES;
				CLANG_WARN_INT_CONVERSION = YES;
				CLANG_WARN_NON_LITERAL_NULL_CONVERSION = YES;
				CLANG_WARN_OBJC_IMPLICIT_RETAIN_SELF = YES;
				CLANG_WARN_OBJC_LITERAL_CONVERSION = YES;
				CLANG_WARN_OBJC_ROOT_CLASS = YES_ERROR;
				CLANG_WARN_QUOTED_INCLUDE_IN_FRAMEWORK_HEADER = YES;
				CLANG_WARN_RANGE_LOOP_ANALYSIS = YES;
				CLANG_WARN_STRICT_PROTOTYPES = YES;
				CLANG_WARN_SUSPICIOUS_MOVE = YES;
				CLANG_WARN_UNGUARDED_AVAILABILITY = YES_AGGRESSIVE;
				CLANG_WARN_UNREACHABLE_CODE = YES;
				CLANG_WARN__DUPLICATE_METHOD_MATCH = YES;
				COPY_PHASE_STRIP = NO;
				DEBUG_INFORMATION_FORMAT = "dwarf-with-dsym";
				ENABLE_NS_ASSERTIONS = NO;
				ENABLE_STRICT_OBJC_MSGSEND = YES;
				ENABLE_USER_SCRIPT_SANDBOXING = YES;
				GCC_C_LANGUAGE_STANDARD = gnu17;
				GCC_NO_COMMON_BLOCKS = YES;
				GCC_WARN_64_TO_32_BIT_CONVERSION = YES;
				GCC_WARN_ABOUT_RETURN_TYPE = YES_ERROR;
				GCC_WARN_UNDECLARED_SELECTOR = YES;
				GCC_WARN_UNINITIALIZED_AUTOS = YES_AGGRESSIVE;
				GCC_WARN_UNUSED_FUNCTION = YES;
				GCC_WARN_UNUSED_VARIABLE = YES;
				IPHONEOS_DEPLOYMENT_TARGET = 17.0;
				LOCALIZATION_PREFERS_STRING_CATALOGS = YES;
				MTL_ENABLE_DEBUG_INFO = NO;
				MTL_FAST_MATH = YES;
				SDKROOT = iphoneos;
				SWIFT_COMPILATION_MODE = wholemodule;
				VALIDATE_PRODUCT = YES;
			};
			name = Release;
		};
		10420A4D2B4F572F007F23FA /* Debug */ = {
			isa = XCBuildConfiguration;
			buildSettings = {
				ASSETCATALOG_COMPILER_APPICON_NAME = AppIcon;
				ASSETCATALOG_COMPILER_GLOBAL_ACCENT_COLOR_NAME = AccentColor;
				CODE_SIGN_STYLE = Automatic;
				CURRENT_PROJECT_VERSION = 1;
				DEVELOPMENT_ASSET_PATHS = "\"SciianX/Preview Content\"";
				ENABLE_PREVIEWS = YES;
				GENERATE_INFOPLIST_FILE = YES;
				INFOPLIST_KEY_UIApplicationSceneManifest_Generation = YES;
				INFOPLIST_KEY_UIApplicationSupportsIndirectInputEvents = YES;
				INFOPLIST_KEY_UILaunchScreen_Generation = YES;
				INFOPLIST_KEY_UISupportedInterfaceOrientations_iPad = "UIInterfaceOrientationPortrait UIInterfaceOrientationPortraitUpsideDown UIInterfaceOrientationLandscapeLeft UIInterfaceOrientationLandscapeRight";
				INFOPLIST_KEY_UISupportedInterfaceOrientations_iPhone = "UIInterfaceOrientationPortrait UIInterfaceOrientationLandscapeLeft UIInterfaceOrientationLandscapeRight";
				LD_RUNPATH_SEARCH_PATHS = (
					"$(inherited)",
					"@executable_path/Frameworks",
				);
				MARKETING_VERSION = 1.0;
				PRODUCT_BUNDLE_IDENTIFIER = Phenkel.SciianX;
				PRODUCT_NAME = "$(TARGET_NAME)";
				SWIFT_EMIT_LOC_STRINGS = YES;
				SWIFT_VERSION = 5.0;
				TARGETED_DEVICE_FAMILY = "1,2";
			};
			name = Debug;
		};
		10420A4E2B4F572F007F23FA /* Release */ = {
			isa = XCBuildConfiguration;
			buildSettings = {
				ASSETCATALOG_COMPILER_APPICON_NAME = AppIcon;
				ASSETCATALOG_COMPILER_GLOBAL_ACCENT_COLOR_NAME = AccentColor;
				CODE_SIGN_STYLE = Automatic;
				CURRENT_PROJECT_VERSION = 1;
				DEVELOPMENT_ASSET_PATHS = "\"SciianX/Preview Content\"";
				ENABLE_PREVIEWS = YES;
				GENERATE_INFOPLIST_FILE = YES;
				INFOPLIST_KEY_UIApplicationSceneManifest_Generation = YES;
				INFOPLIST_KEY_UIApplicationSupportsIndirectInputEvents = YES;
				INFOPLIST_KEY_UILaunchScreen_Generation = YES;
				INFOPLIST_KEY_UISupportedInterfaceOrientations_iPad = "UIInterfaceOrientationPortrait UIInterfaceOrientationPortraitUpsideDown UIInterfaceOrientationLandscapeLeft UIInterfaceOrientationLandscapeRight";
				INFOPLIST_KEY_UISupportedInterfaceOrientations_iPhone = "UIInterfaceOrientationPortrait UIInterfaceOrientationLandscapeLeft UIInterfaceOrientationLandscapeRight";
				LD_RUNPATH_SEARCH_PATHS = (
					"$(inherited)",
					"@executable_path/Frameworks",
				);
				MARKETING_VERSION = 1.0;
				PRODUCT_BUNDLE_IDENTIFIER = Phenkel.SciianX;
				PRODUCT_NAME = "$(TARGET_NAME)";
				SWIFT_EMIT_LOC_STRINGS = YES;
				SWIFT_VERSION = 5.0;
				TARGETED_DEVICE_FAMILY = "1,2";
			};
			name = Release;
		};
		10420A502B4F572F007F23FA /* Debug */ = {
			isa = XCBuildConfiguration;
			buildSettings = {
				ALWAYS_EMBED_SWIFT_STANDARD_LIBRARIES = YES;
				BUNDLE_LOADER = "$(TEST_HOST)";
				CODE_SIGN_STYLE = Automatic;
				CURRENT_PROJECT_VERSION = 1;
				GENERATE_INFOPLIST_FILE = YES;
				IPHONEOS_DEPLOYMENT_TARGET = 17.0;
				MARKETING_VERSION = 1.0;
				PRODUCT_BUNDLE_IDENTIFIER = Phenkel.SciianXTests;
				PRODUCT_NAME = "$(TARGET_NAME)";
				SWIFT_EMIT_LOC_STRINGS = NO;
				SWIFT_VERSION = 5.0;
				TARGETED_DEVICE_FAMILY = "1,2";
				TEST_HOST = "$(BUILT_PRODUCTS_DIR)/SciianX.app/$(BUNDLE_EXECUTABLE_FOLDER_PATH)/SciianX";
			};
			name = Debug;
		};
		10420A512B4F572F007F23FA /* Release */ = {
			isa = XCBuildConfiguration;
			buildSettings = {
				ALWAYS_EMBED_SWIFT_STANDARD_LIBRARIES = YES;
				BUNDLE_LOADER = "$(TEST_HOST)";
				CODE_SIGN_STYLE = Automatic;
				CURRENT_PROJECT_VERSION = 1;
				GENERATE_INFOPLIST_FILE = YES;
				IPHONEOS_DEPLOYMENT_TARGET = 17.0;
				MARKETING_VERSION = 1.0;
				PRODUCT_BUNDLE_IDENTIFIER = Phenkel.SciianXTests;
				PRODUCT_NAME = "$(TARGET_NAME)";
				SWIFT_EMIT_LOC_STRINGS = NO;
				SWIFT_VERSION = 5.0;
				TARGETED_DEVICE_FAMILY = "1,2";
				TEST_HOST = "$(BUILT_PRODUCTS_DIR)/SciianX.app/$(BUNDLE_EXECUTABLE_FOLDER_PATH)/SciianX";
			};
			name = Release;
		};
		10420A532B4F572F007F23FA /* Debug */ = {
			isa = XCBuildConfiguration;
			buildSettings = {
				ALWAYS_EMBED_SWIFT_STANDARD_LIBRARIES = YES;
				CODE_SIGN_STYLE = Automatic;
				CURRENT_PROJECT_VERSION = 1;
				GENERATE_INFOPLIST_FILE = YES;
				MARKETING_VERSION = 1.0;
				PRODUCT_BUNDLE_IDENTIFIER = Phenkel.SciianXUITests;
				PRODUCT_NAME = "$(TARGET_NAME)";
				SWIFT_EMIT_LOC_STRINGS = NO;
				SWIFT_VERSION = 5.0;
				TARGETED_DEVICE_FAMILY = "1,2";
				TEST_TARGET_NAME = SciianX;
			};
			name = Debug;
		};
		10420A542B4F572F007F23FA /* Release */ = {
			isa = XCBuildConfiguration;
			buildSettings = {
				ALWAYS_EMBED_SWIFT_STANDARD_LIBRARIES = YES;
				CODE_SIGN_STYLE = Automatic;
				CURRENT_PROJECT_VERSION = 1;
				GENERATE_INFOPLIST_FILE = YES;
				MARKETING_VERSION = 1.0;
				PRODUCT_BUNDLE_IDENTIFIER = Phenkel.SciianXUITests;
				PRODUCT_NAME = "$(TARGET_NAME)";
				SWIFT_EMIT_LOC_STRINGS = NO;
				SWIFT_VERSION = 5.0;
				TARGETED_DEVICE_FAMILY = "1,2";
				TEST_TARGET_NAME = SciianX;
			};
			name = Release;
		};
/* End XCBuildConfiguration section */

/* Begin XCConfigurationList section */
		10420A232B4F572B007F23FA /* Build configuration list for PBXProject "SciianX" */ = {
			isa = XCConfigurationList;
			buildConfigurations = (
				10420A4A2B4F572F007F23FA /* Debug */,
				10420A4B2B4F572F007F23FA /* Release */,
			);
			defaultConfigurationIsVisible = 0;
			defaultConfigurationName = Release;
		};
		10420A4C2B4F572F007F23FA /* Build configuration list for PBXNativeTarget "SciianX" */ = {
			isa = XCConfigurationList;
			buildConfigurations = (
				10420A4D2B4F572F007F23FA /* Debug */,
				10420A4E2B4F572F007F23FA /* Release */,
			);
			defaultConfigurationIsVisible = 0;
			defaultConfigurationName = Release;
		};
		10420A4F2B4F572F007F23FA /* Build configuration list for PBXNativeTarget "SciianXTests" */ = {
			isa = XCConfigurationList;
			buildConfigurations = (
				10420A502B4F572F007F23FA /* Debug */,
				10420A512B4F572F007F23FA /* Release */,
			);
			defaultConfigurationIsVisible = 0;
			defaultConfigurationName = Release;
		};
		10420A522B4F572F007F23FA /* Build configuration list for PBXNativeTarget "SciianXUITests" */ = {
			isa = XCConfigurationList;
			buildConfigurations = (
				10420A532B4F572F007F23FA /* Debug */,
				10420A542B4F572F007F23FA /* Release */,
			);
			defaultConfigurationIsVisible = 0;
			defaultConfigurationName = Release;
		};
/* End XCConfigurationList section */
	};
	rootObject = 10420A202B4F572B007F23FA /* Project object */;
}
